
Microsoft Visual Studio Solution File, Format Version 12.00
# Visual Studio 14
VisualStudioVersion = 14.0.24720.0
MinimumVisualStudioVersion = 10.0.40219.1
Project("{FAE04EC0-301F-11D3-BF4B-00C04F79EFBC}") = "RiotPls", "RiotPls\RiotPls.csproj", "{97DFE8C1-9B73-43DC-B1BE-DE790F5095E0}"
EndProject
Project("{FAE04EC0-301F-11D3-BF4B-00C04F79EFBC}") = "RiotPls.API", "Riot.API\RiotPls.API.csproj", "{17767B03-90D4-442F-82A8-46C9BE1DF02C}"
EndProject
Project("{FAE04EC0-301F-11D3-BF4B-00C04F79EFBC}") = "RiotPls.Test", "RiotPls.Test\RiotPls.Test.csproj", "{BD3D911A-95A8-4CC0-9D6D-7A65C629E2E7}"
EndProject
Project("{2150E333-8FDC-42A3-9474-1A3956D46DE8}") = "Solution Items", "Solution Items", "{1B4252AA-AEB5-4B4B-A1A5-6AD7551CF564}"
	ProjectSection(SolutionItems) = preProject
		riot.txt = riot.txt
		SharedAssemblyInfo.cs = SharedAssemblyInfo.cs
	EndProjectSection
EndProject
Project("{FAE04EC0-301F-11D3-BF4B-00C04F79EFBC}") = "RiotPls.Tools", "RiotPls.Tools\RiotPls.Tools.csproj", "{8D726254-2F07-4A36-9205-73E65DEDBD6A}"
EndProject
Global
	GlobalSection(SolutionConfigurationPlatforms) = preSolution
		Debug|Any CPU = Debug|Any CPU
		Release|Any CPU = Release|Any CPU
	EndGlobalSection
	GlobalSection(ProjectConfigurationPlatforms) = postSolution
		{97DFE8C1-9B73-43DC-B1BE-DE790F5095E0}.Debug|Any CPU.ActiveCfg = Debug|Any CPU
		{97DFE8C1-9B73-43DC-B1BE-DE790F5095E0}.Debug|Any CPU.Build.0 = Debug|Any CPU
		{97DFE8C1-9B73-43DC-B1BE-DE790F5095E0}.Release|Any CPU.ActiveCfg = Release|Any CPU
		{97DFE8C1-9B73-43DC-B1BE-DE790F5095E0}.Release|Any CPU.Build.0 = Release|Any CPU
		{17767B03-90D4-442F-82A8-46C9BE1DF02C}.Debug|Any CPU.ActiveCfg = Debug|Any CPU
		{17767B03-90D4-442F-82A8-46C9BE1DF02C}.Debug|Any CPU.Build.0 = Debug|Any CPU
		{17767B03-90D4-442F-82A8-46C9BE1DF02C}.Release|Any CPU.ActiveCfg = Release|Any CPU
		{17767B03-90D4-442F-82A8-46C9BE1DF02C}.Release|Any CPU.Build.0 = Release|Any CPU
		{BD3D911A-95A8-4CC0-9D6D-7A65C629E2E7}.Debug|Any CPU.ActiveCfg = Debug|Any CPU
		{BD3D911A-95A8-4CC0-9D6D-7A65C629E2E7}.Debug|Any CPU.Build.0 = Debug|Any CPU
		{BD3D911A-95A8-4CC0-9D6D-7A65C629E2E7}.Release|Any CPU.ActiveCfg = Release|Any CPU
		{BD3D911A-95A8-4CC0-9D6D-7A65C629E2E7}.Release|Any CPU.Build.0 = Release|Any CPU
		{8D726254-2F07-4A36-9205-73E65DEDBD6A}.Debug|Any CPU.ActiveCfg = Debug|Any CPU
		{8D726254-2F07-4A36-9205-73E65DEDBD6A}.Debug|Any CPU.Build.0 = Debug|Any CPU
		{8D726254-2F07-4A36-9205-73E65DEDBD6A}.Release|Any CPU.ActiveCfg = Release|Any CPU
		{8D726254-2F07-4A36-9205-73E65DEDBD6A}.Release|Any CPU.Build.0 = Release|Any CPU
	EndGlobalSection
	GlobalSection(SolutionProperties) = preSolution
		HideSolutionNode = FALSE
	EndGlobalSection
EndGlobal
